
Microsoft Visual Studio Solution File, Format Version 12.00
# Visual Studio Version 16
VisualStudioVersion = 16.0.32002.261
MinimumVisualStudioVersion = 10.0.40219.1
Project("{FAE04EC0-301F-11D3-BF4B-00C04F79EFBC}") = "Lab 15 (wpf)", "Lab 15 (wpf)\Lab 15 (wpf).csproj", "{C70B047D-0FB8-45E1-80CC-143A817EB326}"
EndProject
Global
	GlobalSection(SolutionConfigurationPlatforms) = preSolution
		Debug|Any CPU = Debug|Any CPU
		Release|Any CPU = Release|Any CPU
	EndGlobalSection
	GlobalSection(ProjectConfigurationPlatforms) = postSolution
		{C70B047D-0FB8-45E1-80CC-143A817EB326}.Debug|Any CPU.ActiveCfg = Debug|Any CPU
		{C70B047D-0FB8-45E1-80CC-143A817EB326}.Debug|Any CPU.Build.0 = Debug|Any CPU
		{C70B047D-0FB8-45E1-80CC-143A817EB326}.Release|Any CPU.ActiveCfg = Release|Any CPU
		{C70B047D-0FB8-45E1-80CC-143A817EB326}.Release|Any CPU.Build.0 = Release|Any CPU
	EndGlobalSection
	GlobalSection(SolutionProperties) = preSolution
		HideSolutionNode = FALSE
	EndGlobalSection
	GlobalSection(ExtensibilityGlobals) = postSolution
		SolutionGuid = {74281F64-6836-437E-9952-BA82D3D9EAB2}
	EndGlobalSection
EndGlobal
